
Microsoft Visual Studio Solution File, Format Version 12.00
# Visual Studio 2013
VisualStudioVersion = 12.0.30723.0
MinimumVisualStudioVersion = 10.0.40219.1
Project("{FAE04EC0-301F-11D3-BF4B-00C04F79EFBC}") = "MvcMusicStore", "MvcMusicStore\MvcMusicStore.csproj", "{B90F9001-C151-4027-82EC-14A59A767CBC}"
EndProject
Project("{FAE04EC0-301F-11D3-BF4B-00C04F79EFBC}") = "MvcMusicStore.Tests", "MvcMusicStore.Tests\MvcMusicStore.Tests.csproj", "{6BBB7B14-94D7-4866-B8E3-C6066F763555}"
EndProject
Global
	GlobalSection(SolutionConfigurationPlatforms) = preSolution
		Debug|Any CPU = Debug|Any CPU
		Release|Any CPU = Release|Any CPU
	EndGlobalSection
	GlobalSection(ProjectConfigurationPlatforms) = postSolution
		{B90F9001-C151-4027-82EC-14A59A767CBC}.Debug|Any CPU.ActiveCfg = Debug|Any CPU
		{B90F9001-C151-4027-82EC-14A59A767CBC}.Debug|Any CPU.Build.0 = Debug|Any CPU
		{B90F9001-C151-4027-82EC-14A59A767CBC}.Release|Any CPU.ActiveCfg = Release|Any CPU
		{B90F9001-C151-4027-82EC-14A59A767CBC}.Release|Any CPU.Build.0 = Release|Any CPU
		{6BBB7B14-94D7-4866-B8E3-C6066F763555}.Debug|Any CPU.ActiveCfg = Debug|Any CPU
		{6BBB7B14-94D7-4866-B8E3-C6066F763555}.Debug|Any CPU.Build.0 = Debug|Any CPU
		{6BBB7B14-94D7-4866-B8E3-C6066F763555}.Release|Any CPU.ActiveCfg = Release|Any CPU
		{6BBB7B14-94D7-4866-B8E3-C6066F763555}.Release|Any CPU.Build.0 = Release|Any CPU
	EndGlobalSection
	GlobalSection(SolutionProperties) = preSolution
		HideSolutionNode = FALSE
	EndGlobalSection
EndGlobal
